PODS:
  - CouchbaseLite-Swift (3.0.2)
  - Flutter (1.0.0)
  - fluttercouch (0.0.1):
    - CouchbaseLite-Swift (~> 3.0.2)
    - Flutter
    - SSZipArchive
  - SSZipArchive (2.4.3)

DEPENDENCIES:
  - Flutter (from `Flutter`)
  - fluttercouch (from `.symlinks/plugins/fluttercouch/ios`)

SPEC REPOS:
  trunk:
    - CouchbaseLite-Swift
    - SSZipArchive

EXTERNAL SOURCES:
  Flutter:
    :path: Flutter
  fluttercouch:
    :path: ".symlinks/plugins/fluttercouch/ios"

SPEC CHECKSUMS:
  CouchbaseLite-Swift: c95a2e96c3387f6f9a5778bc2418f80de1454ec3
  Flutter: f04841e97a9d0b0a8025694d0796dd46242b2854
  fluttercouch: fa5eac5fcb606a4c8c5f599f07e9b4425ac8d5f4
  SSZipArchive: fe6a26b2a54d5a0890f2567b5cc6de5caa600aef

PODFILE CHECKSUM: ef19549a9bc3046e7bb7d2fab4d021637c0c58a3

COCOAPODS: 1.11.2
